
Microsoft Visual Studio Solution File, Format Version 12.00
# Visual Studio Version 17
VisualStudioVersion = 17.1.32328.378
MinimumVisualStudioVersion = 10.0.40219.1
Project("{FAE04EC0-301F-11D3-BF4B-00C04F79EFBC}") = "try-DI", "try-DI\try-DI.csproj", "{C705E3D8-F3AA-4A4E-9C94-ACA2924C615A}"
EndProject
Global
	GlobalSection(SolutionConfigurationPlatforms) = preSolution
		Debug|Any CPU = Debug|Any CPU
		Release|Any CPU = Release|Any CPU
	EndGlobalSection
	GlobalSection(ProjectConfigurationPlatforms) = postSolution
		{C705E3D8-F3AA-4A4E-9C94-ACA2924C615A}.Debug|Any CPU.ActiveCfg = Debug|Any CPU
		{C705E3D8-F3AA-4A4E-9C94-ACA2924C615A}.Debug|Any CPU.Build.0 = Debug|Any CPU
		{C705E3D8-F3AA-4A4E-9C94-ACA2924C615A}.Release|Any CPU.ActiveCfg = Release|Any CPU
		{C705E3D8-F3AA-4A4E-9C94-ACA2924C615A}.Release|Any CPU.Build.0 = Release|Any CPU
	EndGlobalSection
	GlobalSection(SolutionProperties) = preSolution
		HideSolutionNode = FALSE
	EndGlobalSection
	GlobalSection(ExtensibilityGlobals) = postSolution
		SolutionGuid = {E152ED48-E737-4652-B731-073450EFECD2}
	EndGlobalSection
EndGlobal
